Microsoft Visual Studio Solution File, Format Version 12.00
# Visual Studio Version 17
VisualStudioVersion = 17.5.2.0
MinimumVisualStudioVersion = 10.0.40219.1
Project("{2150E333-8FDC-42A3-9474-1A3956D46DE8}") = "04-Loesung", "04-Loesung", "{917F0D98-3F49-8A3A-F92F-45CBF5328DD1}"
EndProject
Project("{2150E333-8FDC-42A3-9474-1A3956D46DE8}") = "min-api-with-mongo", "min-api-with-mongo", "{7EB82AEF-CB44-17E9-A4EE-32E14C3C7B5D}"
EndProject
Project("{FAE04EC0-301F-11D3-BF4B-00C04F79EFBC}") = "WebApi", "04-Loesung\min-api-with-mongo\WebApi\WebApi.csproj", "{B10F45F5-F4BF-5B49-F367-44C3F525C1C3}"
EndProject
Global
	GlobalSection(SolutionConfigurationPlatforms) = preSolution
		Debug|Any CPU = Debug|Any CPU
		Release|Any CPU = Release|Any CPU
	EndGlobalSection
	GlobalSection(ProjectConfigurationPlatforms) = postSolution
		{B10F45F5-F4BF-5B49-F367-44C3F525C1C3}.Debug|Any CPU.ActiveCfg = Debug|Any CPU
		{B10F45F5-F4BF-5B49-F367-44C3F525C1C3}.Debug|Any CPU.Build.0 = Debug|Any CPU
		{B10F45F5-F4BF-5B49-F367-44C3F525C1C3}.Release|Any CPU.ActiveCfg = Release|Any CPU
		{B10F45F5-F4BF-5B49-F367-44C3F525C1C3}.Release|Any CPU.Build.0 = Release|Any CPU
	EndGlobalSection
	GlobalSection(SolutionProperties) = preSolution
		HideSolutionNode = FALSE
	EndGlobalSection
	GlobalSection(NestedProjects) = preSolution
		{7EB82AEF-CB44-17E9-A4EE-32E14C3C7B5D} = {917F0D98-3F49-8A3A-F92F-45CBF5328DD1}
		{B10F45F5-F4BF-5B49-F367-44C3F525C1C3} = {7EB82AEF-CB44-17E9-A4EE-32E14C3C7B5D}
	EndGlobalSection
	GlobalSection(ExtensibilityGlobals) = postSolution
		SolutionGuid = {0766C3F5-A2D1-4D2D-A7FA-0E676A81BE9E}
	EndGlobalSection
EndGlobal
